
Microsoft Visual Studio Solution File, Format Version 12.00
# Visual Studio Version 16
VisualStudioVersion = 16.0.31129.286
MinimumVisualStudioVersion = 10.0.40219.1
Project("{FAE04EC0-301F-11D3-BF4B-00C04F79EFBC}") = "WindowsFormsApp1", "WindowsFormsApp1\WindowsFormsApp1.csproj", "{0AEC2858-C3E3-471F-8AF0-662EC5973584}"
EndProject
Global
	GlobalSection(SolutionConfigurationPlatforms) = preSolution
		Debug|Any CPU = Debug|Any CPU
		Release|Any CPU = Release|Any CPU
	EndGlobalSection
	GlobalSection(ProjectConfigurationPlatforms) = postSolution
		{0AEC2858-C3E3-471F-8AF0-662EC5973584}.Debug|Any CPU.ActiveCfg = Debug|Any CPU
		{0AEC2858-C3E3-471F-8AF0-662EC5973584}.Debug|Any CPU.Build.0 = Debug|Any CPU
		{0AEC2858-C3E3-471F-8AF0-662EC5973584}.Release|Any CPU.ActiveCfg = Release|Any CPU
		{0AEC2858-C3E3-471F-8AF0-662EC5973584}.Release|Any CPU.Build.0 = Release|Any CPU
	EndGlobalSection
	GlobalSection(SolutionProperties) = preSolution
		HideSolutionNode = FALSE
	EndGlobalSection
	GlobalSection(ExtensibilityGlobals) = postSolution
		SolutionGuid = {AB7F0DEE-C8C4-4CEC-8253-A7A776E0A026}
	EndGlobalSection
EndGlobal
